
Microsoft Visual Studio Solution File, Format Version 12.00
# Visual Studio Version 16
VisualStudioVersion = 16.0.30011.22
MinimumVisualStudioVersion = 10.0.40219.1
Project("{FAE04EC0-301F-11D3-BF4B-00C04F79EFBC}") = "Yahtzee_UI", "Yahtzee_UI\Yahtzee_UI.csproj", "{05EC1699-E2F4-40B1-8F66-068F70F7C9C6}"
EndProject
Global
	GlobalSection(SolutionConfigurationPlatforms) = preSolution
		Debug|Any CPU = Debug|Any CPU
		Release|Any CPU = Release|Any CPU
	EndGlobalSection
	GlobalSection(ProjectConfigurationPlatforms) = postSolution
		{05EC1699-E2F4-40B1-8F66-068F70F7C9C6}.Debug|Any CPU.ActiveCfg = Debug|Any CPU
		{05EC1699-E2F4-40B1-8F66-068F70F7C9C6}.Debug|Any CPU.Build.0 = Debug|Any CPU
		{05EC1699-E2F4-40B1-8F66-068F70F7C9C6}.Release|Any CPU.ActiveCfg = Release|Any CPU
		{05EC1699-E2F4-40B1-8F66-068F70F7C9C6}.Release|Any CPU.Build.0 = Release|Any CPU
	EndGlobalSection
	GlobalSection(SolutionProperties) = preSolution
		HideSolutionNode = FALSE
	EndGlobalSection
	GlobalSection(ExtensibilityGlobals) = postSolution
		SolutionGuid = {C0FC77CA-5812-4AA5-A11A-9B8D0FA15A8D}
	EndGlobalSection
EndGlobal
